{
  "version": 4,
  "terraform_version": "1.5.7",
  "serial": 98,
  "lineage": "3eecb252-c41b-f02b-9500-c9715cc70d84",
  "outputs": {
    "artifact_registry_url": {
      "value": "us-central1-docker.pkg.dev/another-doctor-471116/another-doctor-prod-repo",
      "type": "string"
    },
    "cloud_run_service_account_email": {
      "value": "another-doctor-prod-cloud-run@another-doctor-471116.iam.gserviceaccount.com",
      "type": "string"
    },
    "database_connection_name": {
      "value": "another-doctor-471116:us-central1:another-doctor-prod-postgres",
      "type": "string"
    },
    "database_instance_name": {
      "value": "another-doctor-prod-postgres",
      "type": "string"
    },
    "database_private_ip": {
      "value": "10.163.1.2",
      "type": "string",
      "sensitive": true
    },
    "frontend_url": {
      "value": "https://34.49.175.21",
      "type": "string"
    },
    "network_name": {
      "value": "another-doctor-prod-network",
      "type": "string"
    },
    "project_id": {
      "value": "another-doctor-471116",
      "type": "string"
    },
    "qdrant_storage_bucket_name": {
      "value": "another-doctor-471116-another-doctor-prod-qdrant",
      "type": "string"
    },
    "redis_host": {
      "value": "10.163.0.4",
      "type": "string",
      "sensitive": true
    },
    "redis_port": {
      "value": 6379,
      "type": "number"
    },
    "region": {
      "value": "us-central1",
      "type": "string"
    },
    "secret_ids": {
      "value": {
        "app_secret_key": "another-doctor-prod-app-secret-key",
        "db_password": "another-doctor-prod-db-password"
      },
      "type": [
        "object",
        {
          "app_secret_key": "string",
          "db_password": "string"
        }
      ]
    },
    "storage_bucket_name": {
      "value": "another-doctor-471116-another-doctor-prod-storage",
      "type": "string"
    },
    "subnet_name": {
      "value": "another-doctor-prod-subnet",
      "type": "string"
    }
  },
  "resources": [
    {
      "mode": "managed",
      "type": "google_artifact_registry_repository",
      "name": "main",
      "provider": "provider[\"registry.terraform.io/hashicorp/google\"]",
      "instances": [
        {
          "schema_version": 0,
          "attributes": {
            "cleanup_policies": [],
            "cleanup_policy_dry_run": false,
            "create_time": "2025-09-05T10:25:34.148501Z",
            "description": "Docker repository for Another Doctor",
            "docker_config": [],
            "effective_labels": {
              "application": "another-doctor",
              "environment": "prod",
              "managed_by": "terraform"
            },
            "format": "DOCKER",
            "id": "projects/another-doctor-471116/locations/us-central1/repositories/another-doctor-prod-repo",
            "kms_key_name": "",
            "labels": {
              "application": "another-doctor",
              "environment": "prod",
              "managed_by": "terraform"
            },
            "location": "us-central1",
            "maven_config": [],
            "mode": "STANDARD_REPOSITORY",
            "name": "another-doctor-prod-repo",
            "project": "another-doctor-471116",
            "remote_repository_config": [],
            "repository_id": "another-doctor-prod-repo",
            "terraform_labels": {
              "application": "another-doctor",
              "environment": "prod",
              "managed_by": "terraform"
            },
            "timeouts": null,
            "update_time": "2025-09-05T10:25:34.148501Z",
            "virtual_repository_config": []
          },
          "sensitive_attributes": [],
          "private": "eyJlMmJmYjczMC1lY2FhLTExZTYtOGY4OC0zNDM2M2JjN2M0YzAiOnsiY3JlYXRlIjoxMjAwMDAwMDAwMDAwLCJkZWxldGUiOjEyMDAwMDAwMDAwMDAsInVwZGF0ZSI6MTIwMDAwMDAwMDAwMH19",
          "dependencies": [
            "google_project_service.required_apis"
          ]
        }
      ]
    },
    {
      "mode": "managed",
      "type": "google_cloud_run_service_iam_member",
      "name": "backend_public",
      "provider": "provider[\"registry.terraform.io/hashicorp/google\"]",
      "instances": []
    },
    {
      "mode": "managed",
      "type": "google_cloud_run_service_iam_member",
      "name": "frontend_public",
      "provider": "provider[\"registry.terraform.io/hashicorp/google\"]",
      "instances": []
    },
    {
      "mode": "managed",
      "type": "google_cloud_run_service_iam_member",
      "name": "qdrant_internal",
      "provider": "provider[\"registry.terraform.io/hashicorp/google\"]",
      "instances": []
    },
    {
      "mode": "managed",
      "type": "google_cloud_run_v2_service",
      "name": "backend",
      "provider": "provider[\"registry.terraform.io/hashicorp/google\"]",
      "instances": []
    },
    {
      "mode": "managed",
      "type": "google_cloud_run_v2_service",
      "name": "frontend",
      "provider": "provider[\"registry.terraform.io/hashicorp/google\"]",
      "instances": []
    },
    {
      "mode": "managed",
      "type": "google_cloud_run_v2_service",
      "name": "qdrant",
      "provider": "provider[\"registry.terraform.io/hashicorp/google\"]",
      "instances": [
        {
          "status": "tainted",
          "schema_version": 0,
          "attributes": {
            "annotations": null,
            "binary_authorization": [],
            "client": null,
            "client_version": null,
            "conditions": null,
            "create_time": null,
            "creator": null,
            "custom_audiences": null,
            "delete_time": null,
            "description": null,
            "effective_annotations": null,
            "effective_labels": {
              "application": "another-doctor",
              "environment": "prod",
              "managed_by": "terraform"
            },
            "etag": null,
            "expire_time": null,
            "generation": null,
            "id": "projects/another-doctor-471116/locations/us-central1/services/another-doctor-prod-qdrant",
            "ingress": null,
            "labels": {
              "application": "another-doctor",
              "environment": "prod",
              "managed_by": "terraform"
            },
            "last_modifier": null,
            "latest_created_revision": null,
            "latest_ready_revision": null,
            "launch_stage": null,
            "location": "us-central1",
            "name": "another-doctor-prod-qdrant",
            "observed_generation": null,
            "project": "another-doctor-471116",
            "reconciling": null,
            "template": [
              {
                "annotations": null,
                "containers": [
                  {
                    "args": null,
                    "command": null,
                    "depends_on": null,
                    "env": [
                      {
                        "name": "QDRANT__SERVICE__HTTP_PORT",
                        "value": "8080",
                        "value_source": []
                      },
                      {
                        "name": "QDRANT__LOG_LEVEL",
                        "value": "INFO",
                        "value_source": []
                      }
                    ],
                    "image": "qdrant/qdrant:v1.7.0",
                    "liveness_probe": [
                      {
                        "failure_threshold": 3,
                        "grpc": [],
                        "http_get": [
                          {
                            "http_headers": [],
                            "path": "/health",
                            "port": 8080
                          }
                        ],
                        "initial_delay_seconds": 60,
                        "period_seconds": 30,
                        "tcp_socket": [],
                        "timeout_seconds": 10
                      }
                    ],
                    "name": "",
                    "ports": [
                      {
                        "container_port": 8080,
                        "name": ""
                      }
                    ],
                    "resources": [
                      {
                        "cpu_idle": false,
                        "limits": {
                          "cpu": "2000m",
                          "memory": "4Gi"
                        },
                        "startup_cpu_boost": false
                      }
                    ],
                    "startup_probe": [],
                    "volume_mounts": [
                      {
                        "mount_path": "/qdrant/storage",
                        "name": "qdrant-storage"
                      }
                    ],
                    "working_dir": ""
                  }
                ],
                "encryption_key": "",
                "execution_environment": "",
                "labels": null,
                "max_instance_request_concurrency": 0,
                "revision": "",
                "scaling": [
                  {
                    "max_instance_count": 3,
                    "min_instance_count": 1
                  }
                ],
                "service_account": "another-doctor-prod-cloud-run@another-doctor-471116.iam.gserviceaccount.com",
                "session_affinity": false,
                "timeout": "",
                "volumes": [
                  {
                    "cloud_sql_instance": [],
                    "gcs": [
                      {
                        "bucket": "another-doctor-471116-another-doctor-prod-qdrant",
                        "read_only": false
                      }
                    ],
                    "name": "qdrant-storage",
                    "nfs": [],
                    "secret": []
                  }
                ],
                "vpc_access": [
                  {
                    "connector": "",
                    "egress": "",
                    "network_interfaces": [
                      {
                        "network": "another-doctor-prod-network",
                        "subnetwork": "another-doctor-prod-subnet",
                        "tags": [
                          "qdrant"
                        ]
                      }
                    ]
                  }
                ]
              }
            ],
            "terminal_condition": null,
            "terraform_labels": {
              "application": "another-doctor",
              "environment": "prod",
              "managed_by": "terraform"
            },
            "timeouts": null,
            "traffic": null,
            "traffic_statuses": null,
            "uid": null,
            "update_time": null,
            "uri": null
          },
          "sensitive_attributes": [],
          "private": "eyJlMmJmYjczMC1lY2FhLTExZTYtOGY4OC0zNDM2M2JjN2M0YzAiOnsiY3JlYXRlIjoxMjAwMDAwMDAwMDAwLCJkZWxldGUiOjEyMDAwMDAwMDAwMDAsInVwZGF0ZSI6MTIwMDAwMDAwMDAwMH19",
          "dependencies": [
            "google_compute_network.main",
            "google_compute_subnetwork.main",
            "google_project_service.required_apis",
            "google_service_account.cloud_run",
            "google_storage_bucket.qdrant_storage"
          ]
        }
      ]
    },
    {
      "mode": "managed",
      "type": "google_cloud_run_v2_service",
      "name": "workers",
      "provider": "provider[\"registry.terraform.io/hashicorp/google\"]",
      "instances": []
    },
    {
      "mode": "managed",
      "type": "google_compute_global_address",
      "name": "private_ip_range",
      "provider": "provider[\"registry.terraform.io/hashicorp/google\"]",
      "instances": [
        {
          "schema_version": 0,
          "attributes": {
            "address": "10.163.0.0",
            "address_type": "INTERNAL",
            "creation_timestamp": "2025-09-05T03:25:48.862-07:00",
            "description": "",
            "effective_labels": {},
            "id": "projects/another-doctor-471116/global/addresses/another-doctor-prod-private-ip",
            "ip_version": "",
            "label_fingerprint": "42WmSpB8rSM=",
            "labels": {},
            "name": "another-doctor-prod-private-ip",
            "network": "https://www.googleapis.com/compute/v1/projects/another-doctor-471116/global/networks/another-doctor-prod-network",
            "prefix_length": 16,
            "project": "another-doctor-471116",
            "purpose": "VPC_PEERING",
            "self_link": "https://www.googleapis.com/compute/v1/projects/another-doctor-471116/global/addresses/another-doctor-prod-private-ip",
            "terraform_labels": {},
            "timeouts": null
          },
          "sensitive_attributes": [],
          "private": "eyJlMmJmYjczMC1lY2FhLTExZTYtOGY4OC0zNDM2M2JjN2M0YzAiOnsiY3JlYXRlIjoxMjAwMDAwMDAwMDAwLCJkZWxldGUiOjEyMDAwMDAwMDAwMDAsInVwZGF0ZSI6MTIwMDAwMDAwMDAwMH19",
          "dependencies": [
            "google_compute_network.main",
            "google_project_service.required_apis"
          ]
        }
      ]
    },
    {
      "mode": "managed",
      "type": "google_compute_network",
      "name": "main",
      "provider": "provider[\"registry.terraform.io/hashicorp/google\"]",
      "instances": [
        {
          "schema_version": 0,
          "attributes": {
            "auto_create_subnetworks": false,
            "delete_default_routes_on_create": false,
            "description": "",
            "enable_ula_internal_ipv6": false,
            "gateway_ipv4": "",
            "id": "projects/another-doctor-471116/global/networks/another-doctor-prod-network",
            "internal_ipv6_range": "",
            "mtu": 0,
            "name": "another-doctor-prod-network",
            "network_firewall_policy_enforcement_order": "AFTER_CLASSIC_FIREWALL",
            "numeric_id": "8711783976883651706",
            "project": "another-doctor-471116",
            "routing_mode": "REGIONAL",
            "self_link": "https://www.googleapis.com/compute/v1/projects/another-doctor-471116/global/networks/another-doctor-prod-network",
            "timeouts": null
          },
          "sensitive_attributes": [],
          "private": "eyJlMmJmYjczMC1lY2FhLTExZTYtOGY4OC0zNDM2M2JjN2M0YzAiOnsiY3JlYXRlIjoxMjAwMDAwMDAwMDAwLCJkZWxldGUiOjEyMDAwMDAwMDAwMDAsInVwZGF0ZSI6MTIwMDAwMDAwMDAwMH19",
          "dependencies": [
            "google_project_service.required_apis"
          ]
        }
      ]
    },
    {
      "mode": "managed",
      "type": "google_compute_router",
      "name": "main",
      "provider": "provider[\"registry.terraform.io/hashicorp/google\"]",
      "instances": [
        {
          "schema_version": 0,
          "attributes": {
            "bgp": [],
            "creation_timestamp": "2025-09-05T03:25:51.019-07:00",
            "description": "",
            "encrypted_interconnect_router": false,
            "id": "projects/another-doctor-471116/regions/us-central1/routers/another-doctor-prod-router",
            "name": "another-doctor-prod-router",
            "network": "https://www.googleapis.com/compute/v1/projects/another-doctor-471116/global/networks/another-doctor-prod-network",
            "project": "another-doctor-471116",
            "region": "us-central1",
            "self_link": "https://www.googleapis.com/compute/v1/projects/another-doctor-471116/regions/us-central1/routers/another-doctor-prod-router",
            "timeouts": null
          },
          "sensitive_attributes": [],
          "private": "eyJlMmJmYjczMC1lY2FhLTExZTYtOGY4OC0zNDM2M2JjN2M0YzAiOnsiY3JlYXRlIjoxMjAwMDAwMDAwMDAwLCJkZWxldGUiOjEyMDAwMDAwMDAwMDAsInVwZGF0ZSI6MTIwMDAwMDAwMDAwMH19",
          "dependencies": [
            "google_compute_network.main",
            "google_project_service.required_apis"
          ]
        }
      ]
    },
    {
      "mode": "managed",
      "type": "google_compute_router_nat",
      "name": "main",
      "provider": "provider[\"registry.terraform.io/hashicorp/google\"]",
      "instances": [
        {
          "schema_version": 0,
          "attributes": {
            "auto_network_tier": "PREMIUM",
            "drain_nat_ips": [],
            "enable_dynamic_port_allocation": false,
            "enable_endpoint_independent_mapping": false,
            "endpoint_types": [
              "ENDPOINT_TYPE_VM"
            ],
            "icmp_idle_timeout_sec": 30,
            "id": "another-doctor-471116/us-central1/another-doctor-prod-router/another-doctor-prod-nat",
            "log_config": [
              {
                "enable": true,
                "filter": "ERRORS_ONLY"
              }
            ],
            "max_ports_per_vm": 0,
            "min_ports_per_vm": 0,
            "name": "another-doctor-prod-nat",
            "nat_ip_allocate_option": "AUTO_ONLY",
            "nat_ips": [],
            "project": "another-doctor-471116",
            "region": "us-central1",
            "router": "another-doctor-prod-router",
            "rules": [],
            "source_subnetwork_ip_ranges_to_nat": "ALL_SUBNETWORKS_ALL_IP_RANGES",
            "subnetwork": [],
            "tcp_established_idle_timeout_sec": 1200,
            "tcp_time_wait_timeout_sec": 120,
            "tcp_transitory_idle_timeout_sec": 30,
            "timeouts": null,
            "udp_idle_timeout_sec": 30
          },
          "sensitive_attributes": [],
          "private": "eyJlMmJmYjczMC1lY2FhLTExZTYtOGY4OC0zNDM2M2JjN2M0YzAiOnsiY3JlYXRlIjoxMjAwMDAwMDAwMDAwLCJkZWxldGUiOjEyMDAwMDAwMDAwMDAsInVwZGF0ZSI6MTIwMDAwMDAwMDAwMH19",
          "dependencies": [
            "google_compute_network.main",
            "google_compute_router.main",
            "google_project_service.required_apis"
          ]
        }
      ]
    },
    {
      "mode": "managed",
      "type": "google_compute_subnetwork",
      "name": "main",
      "provider": "provider[\"registry.terraform.io/hashicorp/google\"]",
      "instances": [
        {
          "schema_version": 0,
          "attributes": {
            "creation_timestamp": "2025-09-05T03:25:51.263-07:00",
            "description": "",
            "external_ipv6_prefix": "",
            "fingerprint": null,
            "gateway_address": "10.0.0.1",
            "id": "projects/another-doctor-471116/regions/us-central1/subnetworks/another-doctor-prod-subnet",
            "internal_ipv6_prefix": "",
            "ip_cidr_range": "10.0.0.0/24",
            "ipv6_access_type": "",
            "ipv6_cidr_range": "",
            "log_config": [],
            "name": "another-doctor-prod-subnet",
            "network": "https://www.googleapis.com/compute/v1/projects/another-doctor-471116/global/networks/another-doctor-prod-network",
            "private_ip_google_access": false,
            "private_ipv6_google_access": "DISABLE_GOOGLE_ACCESS",
            "project": "another-doctor-471116",
            "purpose": "PRIVATE",
            "region": "us-central1",
            "role": "",
            "secondary_ip_range": [
              {
                "ip_cidr_range": "10.1.0.0/16",
                "range_name": "gke-pods"
              },
              {
                "ip_cidr_range": "10.2.0.0/16",
                "range_name": "gke-services"
              }
            ],
            "self_link": "https://www.googleapis.com/compute/v1/projects/another-doctor-471116/regions/us-central1/subnetworks/another-doctor-prod-subnet",
            "send_secondary_ip_range_if_empty": null,
            "stack_type": "IPV4_ONLY",
            "timeouts": null
          },
          "sensitive_attributes": [],
          "private": "eyJlMmJmYjczMC1lY2FhLTExZTYtOGY4OC0zNDM2M2JjN2M0YzAiOnsiY3JlYXRlIjoxMjAwMDAwMDAwMDAwLCJkZWxldGUiOjEyMDAwMDAwMDAwMDAsInVwZGF0ZSI6MTIwMDAwMDAwMDAwMH19",
          "dependencies": [
            "google_compute_network.main",
            "google_project_service.required_apis"
          ]
        }
      ]
    },
    {
      "mode": "managed",
      "type": "google_project_iam_member",
      "name": "cloud_run_redis",
      "provider": "provider[\"registry.terraform.io/hashicorp/google\"]",
      "instances": [
        {
          "schema_version": 0,
          "attributes": {
            "condition": [],
            "etag": "BwY+DePhaQk=",
            "id": "another-doctor-471116/roles/redis.editor/serviceAccount:another-doctor-prod-cloud-run@another-doctor-471116.iam.gserviceaccount.com",
            "member": "serviceAccount:another-doctor-prod-cloud-run@another-doctor-471116.iam.gserviceaccount.com",
            "project": "another-doctor-471116",
            "role": "roles/redis.editor"
          },
          "sensitive_attributes": [],
          "private": "bnVsbA==",
          "dependencies": [
            "google_service_account.cloud_run"
          ]
        }
      ]
    },
    {
      "mode": "managed",
      "type": "google_project_iam_member",
      "name": "cloud_run_sql",
      "provider": "provider[\"registry.terraform.io/hashicorp/google\"]",
      "instances": [
        {
          "schema_version": 0,
          "attributes": {
            "condition": [],
            "etag": "BwY+DePhaQk=",
            "id": "another-doctor-471116/roles/cloudsql.client/serviceAccount:another-doctor-prod-cloud-run@another-doctor-471116.iam.gserviceaccount.com",
            "member": "serviceAccount:another-doctor-prod-cloud-run@another-doctor-471116.iam.gserviceaccount.com",
            "project": "another-doctor-471116",
            "role": "roles/cloudsql.client"
          },
          "sensitive_attributes": [],
          "private": "bnVsbA==",
          "dependencies": [
            "google_service_account.cloud_run"
          ]
        }
      ]
    },
    {
      "mode": "managed",
      "type": "google_project_service",
      "name": "required_apis",
      "provider": "provider[\"registry.terraform.io/hashicorp/google\"]",
      "instances": [
        {
          "index_key": "artifactregistry.googleapis.com",
          "schema_version": 0,
          "attributes": {
            "disable_dependent_services": null,
            "disable_on_destroy": false,
            "id": "another-doctor-471116/artifactregistry.googleapis.com",
            "project": "another-doctor-471116",
            "service": "artifactregistry.googleapis.com",
            "timeouts": null
          },
          "sensitive_attributes": [],
          "private": "eyJlMmJmYjczMC1lY2FhLTExZTYtOGY4OC0zNDM2M2JjN2M0YzAiOnsiY3JlYXRlIjoxMjAwMDAwMDAwMDAwLCJkZWxldGUiOjEyMDAwMDAwMDAwMDAsInJlYWQiOjYwMDAwMDAwMDAwMCwidXBkYXRlIjoxMjAwMDAwMDAwMDAwfX0="
        },
        {
          "index_key": "cloudbuild.googleapis.com",
          "schema_version": 0,
          "attributes": {
            "disable_dependent_services": null,
            "disable_on_destroy": false,
            "id": "another-doctor-471116/cloudbuild.googleapis.com",
            "project": "another-doctor-471116",
            "service": "cloudbuild.googleapis.com",
            "timeouts": null
          },
          "sensitive_attributes": [],
          "private": "eyJlMmJmYjczMC1lY2FhLTExZTYtOGY4OC0zNDM2M2JjN2M0YzAiOnsiY3JlYXRlIjoxMjAwMDAwMDAwMDAwLCJkZWxldGUiOjEyMDAwMDAwMDAwMDAsInJlYWQiOjYwMDAwMDAwMDAwMCwidXBkYXRlIjoxMjAwMDAwMDAwMDAwfX0="
        },
        {
          "index_key": "compute.googleapis.com",
          "schema_version": 0,
          "attributes": {
            "disable_dependent_services": null,
            "disable_on_destroy": false,
            "id": "another-doctor-471116/compute.googleapis.com",
            "project": "another-doctor-471116",
            "service": "compute.googleapis.com",
            "timeouts": null
          },
          "sensitive_attributes": [],
          "private": "eyJlMmJmYjczMC1lY2FhLTExZTYtOGY4OC0zNDM2M2JjN2M0YzAiOnsiY3JlYXRlIjoxMjAwMDAwMDAwMDAwLCJkZWxldGUiOjEyMDAwMDAwMDAwMDAsInJlYWQiOjYwMDAwMDAwMDAwMCwidXBkYXRlIjoxMjAwMDAwMDAwMDAwfX0="
        },
        {
          "index_key": "container.googleapis.com",
          "schema_version": 0,
          "attributes": {
            "disable_dependent_services": null,
            "disable_on_destroy": false,
            "id": "another-doctor-471116/container.googleapis.com",
            "project": "another-doctor-471116",
            "service": "container.googleapis.com",
            "timeouts": null
          },
          "sensitive_attributes": [],
          "private": "eyJlMmJmYjczMC1lY2FhLTExZTYtOGY4OC0zNDM2M2JjN2M0YzAiOnsiY3JlYXRlIjoxMjAwMDAwMDAwMDAwLCJkZWxldGUiOjEyMDAwMDAwMDAwMDAsInJlYWQiOjYwMDAwMDAwMDAwMCwidXBkYXRlIjoxMjAwMDAwMDAwMDAwfX0="
        },
        {
          "index_key": "logging.googleapis.com",
          "schema_version": 0,
          "attributes": {
            "disable_dependent_services": null,
            "disable_on_destroy": false,
            "id": "another-doctor-471116/logging.googleapis.com",
            "project": "another-doctor-471116",
            "service": "logging.googleapis.com",
            "timeouts": null
          },
          "sensitive_attributes": [],
          "private": "eyJlMmJmYjczMC1lY2FhLTExZTYtOGY4OC0zNDM2M2JjN2M0YzAiOnsiY3JlYXRlIjoxMjAwMDAwMDAwMDAwLCJkZWxldGUiOjEyMDAwMDAwMDAwMDAsInJlYWQiOjYwMDAwMDAwMDAwMCwidXBkYXRlIjoxMjAwMDAwMDAwMDAwfX0="
        },
        {
          "index_key": "monitoring.googleapis.com",
          "schema_version": 0,
          "attributes": {
            "disable_dependent_services": null,
            "disable_on_destroy": false,
            "id": "another-doctor-471116/monitoring.googleapis.com",
            "project": "another-doctor-471116",
            "service": "monitoring.googleapis.com",
            "timeouts": null
          },
          "sensitive_attributes": [],
          "private": "eyJlMmJmYjczMC1lY2FhLTExZTYtOGY4OC0zNDM2M2JjN2M0YzAiOnsiY3JlYXRlIjoxMjAwMDAwMDAwMDAwLCJkZWxldGUiOjEyMDAwMDAwMDAwMDAsInJlYWQiOjYwMDAwMDAwMDAwMCwidXBkYXRlIjoxMjAwMDAwMDAwMDAwfX0="
        },
        {
          "index_key": "redis.googleapis.com",
          "schema_version": 0,
          "attributes": {
            "disable_dependent_services": null,
            "disable_on_destroy": false,
            "id": "another-doctor-471116/redis.googleapis.com",
            "project": "another-doctor-471116",
            "service": "redis.googleapis.com",
            "timeouts": null
          },
          "sensitive_attributes": [],
          "private": "eyJlMmJmYjczMC1lY2FhLTExZTYtOGY4OC0zNDM2M2JjN2M0YzAiOnsiY3JlYXRlIjoxMjAwMDAwMDAwMDAwLCJkZWxldGUiOjEyMDAwMDAwMDAwMDAsInJlYWQiOjYwMDAwMDAwMDAwMCwidXBkYXRlIjoxMjAwMDAwMDAwMDAwfX0="
        },
        {
          "index_key": "run.googleapis.com",
          "schema_version": 0,
          "attributes": {
            "disable_dependent_services": null,
            "disable_on_destroy": false,
            "id": "another-doctor-471116/run.googleapis.com",
            "project": "another-doctor-471116",
            "service": "run.googleapis.com",
            "timeouts": null
          },
          "sensitive_attributes": [],
          "private": "eyJlMmJmYjczMC1lY2FhLTExZTYtOGY4OC0zNDM2M2JjN2M0YzAiOnsiY3JlYXRlIjoxMjAwMDAwMDAwMDAwLCJkZWxldGUiOjEyMDAwMDAwMDAwMDAsInJlYWQiOjYwMDAwMDAwMDAwMCwidXBkYXRlIjoxMjAwMDAwMDAwMDAwfX0="
        },
        {
          "index_key": "secretmanager.googleapis.com",
          "schema_version": 0,
          "attributes": {
            "disable_dependent_services": null,
            "disable_on_destroy": false,
            "id": "another-doctor-471116/secretmanager.googleapis.com",
            "project": "another-doctor-471116",
            "service": "secretmanager.googleapis.com",
            "timeouts": null
          },
          "sensitive_attributes": [],
          "private": "eyJlMmJmYjczMC1lY2FhLTExZTYtOGY4OC0zNDM2M2JjN2M0YzAiOnsiY3JlYXRlIjoxMjAwMDAwMDAwMDAwLCJkZWxldGUiOjEyMDAwMDAwMDAwMDAsInJlYWQiOjYwMDAwMDAwMDAwMCwidXBkYXRlIjoxMjAwMDAwMDAwMDAwfX0="
        },
        {
          "index_key": "servicenetworking.googleapis.com",
          "schema_version": 0,
          "attributes": {
            "disable_dependent_services": null,
            "disable_on_destroy": false,
            "id": "another-doctor-471116/servicenetworking.googleapis.com",
            "project": "another-doctor-471116",
            "service": "servicenetworking.googleapis.com",
            "timeouts": null
          },
          "sensitive_attributes": [],
          "private": "eyJlMmJmYjczMC1lY2FhLTExZTYtOGY4OC0zNDM2M2JjN2M0YzAiOnsiY3JlYXRlIjoxMjAwMDAwMDAwMDAwLCJkZWxldGUiOjEyMDAwMDAwMDAwMDAsInJlYWQiOjYwMDAwMDAwMDAwMCwidXBkYXRlIjoxMjAwMDAwMDAwMDAwfX0="
        },
        {
          "index_key": "sqladmin.googleapis.com",
          "schema_version": 0,
          "attributes": {
            "disable_dependent_services": null,
            "disable_on_destroy": false,
            "id": "another-doctor-471116/sqladmin.googleapis.com",
            "project": "another-doctor-471116",
            "service": "sqladmin.googleapis.com",
            "timeouts": null
          },
          "sensitive_attributes": [],
          "private": "eyJlMmJmYjczMC1lY2FhLTExZTYtOGY4OC0zNDM2M2JjN2M0YzAiOnsiY3JlYXRlIjoxMjAwMDAwMDAwMDAwLCJkZWxldGUiOjEyMDAwMDAwMDAwMDAsInJlYWQiOjYwMDAwMDAwMDAwMCwidXBkYXRlIjoxMjAwMDAwMDAwMDAwfX0="
        },
        {
          "index_key": "storage.googleapis.com",
          "schema_version": 0,
          "attributes": {
            "disable_dependent_services": null,
            "disable_on_destroy": false,
            "id": "another-doctor-471116/storage.googleapis.com",
            "project": "another-doctor-471116",
            "service": "storage.googleapis.com",
            "timeouts": null
          },
          "sensitive_attributes": [],
          "private": "eyJlMmJmYjczMC1lY2FhLTExZTYtOGY4OC0zNDM2M2JjN2M0YzAiOnsiY3JlYXRlIjoxMjAwMDAwMDAwMDAwLCJkZWxldGUiOjEyMDAwMDAwMDAwMDAsInJlYWQiOjYwMDAwMDAwMDAwMCwidXBkYXRlIjoxMjAwMDAwMDAwMDAwfX0="
        }
      ]
    },
    {
      "mode": "managed",
      "type": "google_redis_instance",
      "name": "main",
      "provider": "provider[\"registry.terraform.io/hashicorp/google\"]",
      "instances": [
        {
          "schema_version": 0,
          "attributes": {
            "alternative_location_id": "us-central1-c",
            "auth_enabled": false,
            "auth_string": "",
            "authorized_network": "projects/another-doctor-471116/global/networks/another-doctor-prod-network",
            "connect_mode": "PRIVATE_SERVICE_ACCESS",
            "create_time": "2025-09-05T13:35:56.984658858Z",
            "current_location_id": "us-central1-c",
            "customer_managed_key": "",
            "display_name": "Another Doctor Redis",
            "effective_labels": {
              "application": "another-doctor",
              "environment": "prod",
              "managed_by": "terraform"
            },
            "host": "10.163.0.4",
            "id": "projects/another-doctor-471116/locations/us-central1/instances/another-doctor-prod-redis",
            "labels": {
              "application": "another-doctor",
              "environment": "prod",
              "managed_by": "terraform"
            },
            "location_id": "us-central1-b",
            "maintenance_policy": [],
            "maintenance_schedule": [],
            "maintenance_version": "20241107_00_00",
            "memory_size_gb": 1,
            "name": "another-doctor-prod-redis",
            "nodes": [
              {
                "id": "node-0",
                "zone": "us-central1-b"
              },
              {
                "id": "node-1",
                "zone": "us-central1-c"
              }
            ],
            "persistence_config": [
              {
                "persistence_mode": "DISABLED",
                "rdb_next_snapshot_time": "",
                "rdb_snapshot_period": "",
                "rdb_snapshot_start_time": ""
              }
            ],
            "persistence_iam_identity": "serviceAccount:service-474176408199@cloud-redis.iam.gserviceaccount.com",
            "port": 6379,
            "project": "another-doctor-471116",
            "read_endpoint": "",
            "read_endpoint_port": 0,
            "read_replicas_mode": "READ_REPLICAS_DISABLED",
            "redis_configs": {},
            "redis_version": "REDIS_7_0",
            "region": "us-central1",
            "replica_count": 1,
            "reserved_ip_range": null,
            "secondary_ip_range": "",
            "server_ca_certs": [],
            "terraform_labels": {
              "application": "another-doctor",
              "environment": "prod",
              "managed_by": "terraform"
            },
            "tier": "STANDARD_HA",
            "timeouts": null,
            "transit_encryption_mode": "DISABLED"
          },
          "sensitive_attributes": [],
          "private": "eyJlMmJmYjczMC1lY2FhLTExZTYtOGY4OC0zNDM2M2JjN2M0YzAiOnsiY3JlYXRlIjoxMjAwMDAwMDAwMDAwLCJkZWxldGUiOjEyMDAwMDAwMDAwMDAsInVwZGF0ZSI6MTIwMDAwMDAwMDAwMH19",
          "dependencies": [
            "google_compute_global_address.private_ip_range",
            "google_compute_network.main",
            "google_project_service.required_apis",
            "google_service_networking_connection.private_vpc_connection"
          ]
        }
      ]
    },
    {
      "mode": "managed",
      "type": "google_secret_manager_secret",
      "name": "app_secret_key",
      "provider": "provider[\"registry.terraform.io/hashicorp/google\"]",
      "instances": [
        {
          "schema_version": 0,
          "attributes": {
            "annotations": {},
            "create_time": "2025-09-04T22:26:34.767075Z",
            "effective_annotations": {},
            "effective_labels": {
              "application": "another-doctor",
              "environment": "prod",
              "managed_by": "terraform"
            },
            "expire_time": "",
            "id": "projects/another-doctor-471116/secrets/another-doctor-prod-app-secret-key",
            "labels": {
              "application": "another-doctor",
              "environment": "prod",
              "managed_by": "terraform"
            },
            "name": "projects/474176408199/secrets/another-doctor-prod-app-secret-key",
            "project": "another-doctor-471116",
            "replication": [
              {
                "auto": [
                  {
                    "customer_managed_encryption": []
                  }
                ],
                "user_managed": []
              }
            ],
            "rotation": [],
            "secret_id": "another-doctor-prod-app-secret-key",
            "terraform_labels": {
              "application": "another-doctor",
              "environment": "prod",
              "managed_by": "terraform"
            },
            "timeouts": null,
            "topics": [],
            "ttl": null,
            "version_aliases": {},
            "version_destroy_ttl": ""
          },
          "sensitive_attributes": [],
          "private": "eyJlMmJmYjczMC1lY2FhLTExZTYtOGY4OC0zNDM2M2JjN2M0YzAiOnsiY3JlYXRlIjoxMjAwMDAwMDAwMDAwLCJkZWxldGUiOjEyMDAwMDAwMDAwMDAsInVwZGF0ZSI6MTIwMDAwMDAwMDAwMH19"
        }
      ]
    },
    {
      "mode": "managed",
      "type": "google_secret_manager_secret",
      "name": "db_password",
      "provider": "provider[\"registry.terraform.io/hashicorp/google\"]",
      "instances": [
        {
          "schema_version": 0,
          "attributes": {
            "annotations": {},
            "create_time": "2025-09-04T22:26:34.777686Z",
            "effective_annotations": {},
            "effective_labels": {
              "application": "another-doctor",
              "environment": "prod",
              "managed_by": "terraform"
            },
            "expire_time": "",
            "id": "projects/another-doctor-471116/secrets/another-doctor-prod-db-password",
            "labels": {
              "application": "another-doctor",
              "environment": "prod",
              "managed_by": "terraform"
            },
            "name": "projects/474176408199/secrets/another-doctor-prod-db-password",
            "project": "another-doctor-471116",
            "replication": [
              {
                "auto": [
                  {
                    "customer_managed_encryption": []
                  }
                ],
                "user_managed": []
              }
            ],
            "rotation": [],
            "secret_id": "another-doctor-prod-db-password",
            "terraform_labels": {
              "application": "another-doctor",
              "environment": "prod",
              "managed_by": "terraform"
            },
            "timeouts": null,
            "topics": [],
            "ttl": null,
            "version_aliases": {},
            "version_destroy_ttl": ""
          },
          "sensitive_attributes": [],
          "private": "eyJlMmJmYjczMC1lY2FhLTExZTYtOGY4OC0zNDM2M2JjN2M0YzAiOnsiY3JlYXRlIjoxMjAwMDAwMDAwMDAwLCJkZWxldGUiOjEyMDAwMDAwMDAwMDAsInVwZGF0ZSI6MTIwMDAwMDAwMDAwMH19"
        }
      ]
    },
    {
      "mode": "managed",
      "type": "google_secret_manager_secret",
      "name": "stripe_secret_key",
      "provider": "provider[\"registry.terraform.io/hashicorp/google\"]",
      "instances": [
        {
          "schema_version": 0,
          "attributes": {
            "annotations": {},
            "create_time": "2025-09-07T13:11:58.034338Z",
            "effective_annotations": {},
            "effective_labels": {
              "application": "another-doctor",
              "environment": "prod",
              "managed_by": "terraform"
            },
            "expire_time": "",
            "id": "projects/another-doctor-471116/secrets/another-doctor-prod-stripe-secret-key",
            "labels": {
              "application": "another-doctor",
              "environment": "prod",
              "managed_by": "terraform"
            },
            "name": "projects/474176408199/secrets/another-doctor-prod-stripe-secret-key",
            "project": "another-doctor-471116",
            "replication": [
              {
                "auto": [
                  {
                    "customer_managed_encryption": []
                  }
                ],
                "user_managed": []
              }
            ],
            "rotation": [],
            "secret_id": "another-doctor-prod-stripe-secret-key",
            "terraform_labels": {
              "application": "another-doctor",
              "environment": "prod",
              "managed_by": "terraform"
            },
            "timeouts": null,
            "topics": [],
            "ttl": null,
            "version_aliases": {},
            "version_destroy_ttl": ""
          },
          "sensitive_attributes": [],
          "private": "eyJlMmJmYjczMC1lY2FhLTExZTYtOGY4OC0zNDM2M2JjN2M0YzAiOnsiY3JlYXRlIjoxMjAwMDAwMDAwMDAwLCJkZWxldGUiOjEyMDAwMDAwMDAwMDAsInVwZGF0ZSI6MTIwMDAwMDAwMDAwMH19"
        }
      ]
    },
    {
      "mode": "managed",
      "type": "google_secret_manager_secret_iam_member",
      "name": "cloud_run_app_secret",
      "provider": "provider[\"registry.terraform.io/hashicorp/google\"]",
      "instances": [
        {
          "schema_version": 0,
          "attributes": {
            "condition": [],
            "etag": "BwY+ATbqnC4=",
            "id": "projects/another-doctor-471116/secrets/another-doctor-prod-app-secret-key/roles/secretmanager.secretAccessor/serviceAccount:another-doctor-prod-cloud-run@another-doctor-471116.iam.gserviceaccount.com",
            "member": "serviceAccount:another-doctor-prod-cloud-run@another-doctor-471116.iam.gserviceaccount.com",
            "project": "another-doctor-471116",
            "role": "roles/secretmanager.secretAccessor",
            "secret_id": "projects/another-doctor-471116/secrets/another-doctor-prod-app-secret-key"
          },
          "sensitive_attributes": [],
          "private": "bnVsbA==",
          "dependencies": [
            "google_secret_manager_secret.app_secret_key",
            "google_service_account.cloud_run"
          ]
        }
      ]
    },
    {
      "mode": "managed",
      "type": "google_secret_manager_secret_iam_member",
      "name": "cloud_run_db_password",
      "provider": "provider[\"registry.terraform.io/hashicorp/google\"]",
      "instances": [
        {
          "schema_version": 0,
          "attributes": {
            "condition": [],
            "etag": "BwY+ATcAcIY=",
            "id": "projects/another-doctor-471116/secrets/another-doctor-prod-db-password/roles/secretmanager.secretAccessor/serviceAccount:another-doctor-prod-cloud-run@another-doctor-471116.iam.gserviceaccount.com",
            "member": "serviceAccount:another-doctor-prod-cloud-run@another-doctor-471116.iam.gserviceaccount.com",
            "project": "another-doctor-471116",
            "role": "roles/secretmanager.secretAccessor",
            "secret_id": "projects/another-doctor-471116/secrets/another-doctor-prod-db-password"
          },
          "sensitive_attributes": [],
          "private": "bnVsbA==",
          "dependencies": [
            "google_secret_manager_secret.db_password",
            "google_service_account.cloud_run"
          ]
        }
      ]
    },
    {
      "mode": "managed",
      "type": "google_secret_manager_secret_iam_member",
      "name": "cloud_run_stripe_secret",
      "provider": "provider[\"registry.terraform.io/hashicorp/google\"]",
      "instances": [
        {
          "schema_version": 0,
          "attributes": {
            "condition": [],
            "etag": "BwY+NdD+gXs=",
            "id": "projects/another-doctor-471116/secrets/another-doctor-prod-stripe-secret-key/roles/secretmanager.secretAccessor/serviceAccount:another-doctor-prod-cloud-run@another-doctor-471116.iam.gserviceaccount.com",
            "member": "serviceAccount:another-doctor-prod-cloud-run@another-doctor-471116.iam.gserviceaccount.com",
            "project": "another-doctor-471116",
            "role": "roles/secretmanager.secretAccessor",
            "secret_id": "projects/another-doctor-471116/secrets/another-doctor-prod-stripe-secret-key"
          },
          "sensitive_attributes": [],
          "private": "bnVsbA==",
          "dependencies": [
            "google_secret_manager_secret.stripe_secret_key",
            "google_service_account.cloud_run"
          ]
        }
      ]
    },
    {
      "mode": "managed",
      "type": "google_secret_manager_secret_version",
      "name": "app_secret_key",
      "provider": "provider[\"registry.terraform.io/hashicorp/google\"]",
      "instances": [
        {
          "schema_version": 0,
          "attributes": {
            "create_time": "2025-09-04T22:26:38.909047Z",
            "deletion_policy": "DELETE",
            "destroy_time": "",
            "enabled": true,
            "id": "projects/474176408199/secrets/another-doctor-prod-app-secret-key/versions/1",
            "is_secret_data_base64": false,
            "name": "projects/474176408199/secrets/another-doctor-prod-app-secret-key/versions/1",
            "secret": "projects/another-doctor-471116/secrets/another-doctor-prod-app-secret-key",
            "secret_data": "-kSRREx#rBv@0K)xG\u0026@{HQeFWq}EoM@k",
            "timeouts": null,
            "version": "1"
          },
          "sensitive_attributes": [
            [
              {
                "type": "get_attr",
                "value": "secret_data"
              }
            ]
          ],
          "private": "eyJlMmJmYjczMC1lY2FhLTExZTYtOGY4OC0zNDM2M2JjN2M0YzAiOnsiY3JlYXRlIjoxMjAwMDAwMDAwMDAwLCJkZWxldGUiOjEyMDAwMDAwMDAwMDAsInVwZGF0ZSI6MTIwMDAwMDAwMDAwMH19",
          "dependencies": [
            "google_secret_manager_secret.app_secret_key",
            "random_password.app_secret_key"
          ]
        }
      ]
    },
    {
      "mode": "managed",
      "type": "google_secret_manager_secret_version",
      "name": "db_password",
      "provider": "provider[\"registry.terraform.io/hashicorp/google\"]",
      "instances": [
        {
          "schema_version": 0,
          "attributes": {
            "create_time": "2025-09-04T22:26:41.546395Z",
            "deletion_policy": "DELETE",
            "destroy_time": "",
            "enabled": true,
            "id": "projects/474176408199/secrets/another-doctor-prod-db-password/versions/1",
            "is_secret_data_base64": false,
            "name": "projects/474176408199/secrets/another-doctor-prod-db-password/versions/1",
            "secret": "projects/another-doctor-471116/secrets/another-doctor-prod-db-password",
            "secret_data": "n2hmm#lH!glz]TKb",
            "timeouts": null,
            "version": "1"
          },
          "sensitive_attributes": [
            [
              {
                "type": "get_attr",
                "value": "secret_data"
              }
            ]
          ],
          "private": "eyJlMmJmYjczMC1lY2FhLTExZTYtOGY4OC0zNDM2M2JjN2M0YzAiOnsiY3JlYXRlIjoxMjAwMDAwMDAwMDAwLCJkZWxldGUiOjEyMDAwMDAwMDAwMDAsInVwZGF0ZSI6MTIwMDAwMDAwMDAwMH19",
          "dependencies": [
            "google_secret_manager_secret.db_password",
            "random_password.db_password"
          ]
        }
      ]
    },
    {
      "mode": "managed",
      "type": "google_secret_manager_secret_version",
      "name": "stripe_secret_key",
      "provider": "provider[\"registry.terraform.io/hashicorp/google\"]",
      "instances": [
        {
          "schema_version": 0,
          "attributes": {
            "create_time": "2025-09-07T13:12:03.100765Z",
            "deletion_policy": "DELETE",
            "destroy_time": "",
            "enabled": true,
            "id": "projects/474176408199/secrets/another-doctor-prod-stripe-secret-key/versions/1",
            "is_secret_data_base64": false,
            "name": "projects/474176408199/secrets/another-doctor-prod-stripe-secret-key/versions/1",
            "secret": "projects/another-doctor-471116/secrets/another-doctor-prod-stripe-secret-key",
            "secret_data": "sk_test_placeholder",
            "timeouts": null,
            "version": "1"
          },
          "sensitive_attributes": [],
          "private": "eyJlMmJmYjczMC1lY2FhLTExZTYtOGY4OC0zNDM2M2JjN2M0YzAiOnsiY3JlYXRlIjoxMjAwMDAwMDAwMDAwLCJkZWxldGUiOjEyMDAwMDAwMDAwMDAsInVwZGF0ZSI6MTIwMDAwMDAwMDAwMH19",
          "dependencies": [
            "google_secret_manager_secret.stripe_secret_key"
          ]
        }
      ]
    },
    {
      "mode": "managed",
      "type": "google_service_account",
      "name": "cloud_run",
      "provider": "provider[\"registry.terraform.io/hashicorp/google\"]",
      "instances": [
        {
          "schema_version": 0,
          "attributes": {
            "account_id": "another-doctor-prod-cloud-run",
            "create_ignore_already_exists": null,
            "description": "Service account for Another Doctor Cloud Run services",
            "disabled": false,
            "display_name": "Cloud Run Service Account",
            "email": "another-doctor-prod-cloud-run@another-doctor-471116.iam.gserviceaccount.com",
            "id": "projects/another-doctor-471116/serviceAccounts/another-doctor-prod-cloud-run@another-doctor-471116.iam.gserviceaccount.com",
            "member": "serviceAccount:another-doctor-prod-cloud-run@another-doctor-471116.iam.gserviceaccount.com",
            "name": "projects/another-doctor-471116/serviceAccounts/another-doctor-prod-cloud-run@another-doctor-471116.iam.gserviceaccount.com",
            "project": "another-doctor-471116",
            "timeouts": null,
            "unique_id": "106698751675856669199"
          },
          "sensitive_attributes": [],
          "private": "eyJlMmJmYjczMC1lY2FhLTExZTYtOGY4OC0zNDM2M2JjN2M0YzAiOnsiY3JlYXRlIjozMDAwMDAwMDAwMDB9fQ=="
        }
      ]
    },
    {
      "mode": "managed",
      "type": "google_service_networking_connection",
      "name": "private_vpc_connection",
      "provider": "provider[\"registry.terraform.io/hashicorp/google\"]",
      "instances": [
        {
          "schema_version": 0,
          "attributes": {
            "deletion_policy": null,
            "id": "projects%2Fanother-doctor-471116%2Fglobal%2Fnetworks%2Fanother-doctor-prod-network:servicenetworking.googleapis.com",
            "network": "projects/another-doctor-471116/global/networks/another-doctor-prod-network",
            "peering": "servicenetworking-googleapis-com",
            "reserved_peering_ranges": [
              "another-doctor-prod-private-ip"
            ],
            "service": "servicenetworking.googleapis.com",
            "timeouts": null,
            "update_on_creation_fail": null
          },
          "sensitive_attributes": [],
          "private": "eyJlMmJmYjczMC1lY2FhLTExZTYtOGY4OC0zNDM2M2JjN2M0YzAiOnsiY3JlYXRlIjo2MDAwMDAwMDAwMDAsImRlbGV0ZSI6NjAwMDAwMDAwMDAwLCJ1cGRhdGUiOjYwMDAwMDAwMDAwMH19",
          "dependencies": [
            "google_compute_global_address.private_ip_range",
            "google_compute_network.main",
            "google_project_service.required_apis"
          ]
        }
      ]
    },
    {
      "mode": "managed",
      "type": "google_sql_database",
      "name": "main",
      "provider": "provider[\"registry.terraform.io/hashicorp/google\"]",
      "instances": [
        {
          "schema_version": 0,
          "attributes": {
            "charset": "UTF8",
            "collation": "en_US.UTF8",
            "deletion_policy": "DELETE",
            "id": "projects/another-doctor-471116/instances/another-doctor-prod-postgres/databases/another_doctor",
            "instance": "another-doctor-prod-postgres",
            "name": "another_doctor",
            "project": "another-doctor-471116",
            "self_link": "https://sqladmin.googleapis.com/sql/v1beta4/projects/another-doctor-471116/instances/another-doctor-prod-postgres/databases/another_doctor",
            "timeouts": null
          },
          "sensitive_attributes": [],
          "private": "eyJlMmJmYjczMC1lY2FhLTExZTYtOGY4OC0zNDM2M2JjN2M0YzAiOnsiY3JlYXRlIjoxMjAwMDAwMDAwMDAwLCJkZWxldGUiOjEyMDAwMDAwMDAwMDAsInVwZGF0ZSI6MTIwMDAwMDAwMDAwMH19",
          "dependencies": [
            "google_compute_global_address.private_ip_range",
            "google_compute_network.main",
            "google_project_service.required_apis",
            "google_service_networking_connection.private_vpc_connection",
            "google_sql_database_instance.main"
          ]
        }
      ]
    },
    {
      "mode": "managed",
      "type": "google_sql_database_instance",
      "name": "main",
      "provider": "provider[\"registry.terraform.io/hashicorp/google\"]",
      "instances": [
        {
          "schema_version": 0,
          "attributes": {
            "available_maintenance_versions": [],
            "clone": [],
            "connection_name": "another-doctor-471116:us-central1:another-doctor-prod-postgres",
            "database_version": "POSTGRES_15",
            "deletion_protection": true,
            "dns_name": "",
            "encryption_key_name": null,
            "first_ip_address": "10.163.1.2",
            "id": "another-doctor-prod-postgres",
            "instance_type": "CLOUD_SQL_INSTANCE",
            "ip_address": [
              {
                "ip_address": "10.163.1.2",
                "time_to_retire": "",
                "type": "PRIVATE"
              }
            ],
            "maintenance_version": "POSTGRES_15_13.R20250727.00_14",
            "master_instance_name": "",
            "name": "another-doctor-prod-postgres",
            "private_ip_address": "10.163.1.2",
            "project": "another-doctor-471116",
            "psc_service_attachment_link": "",
            "public_ip_address": "",
            "region": "us-central1",
            "replica_configuration": [],
            "restore_backup_context": [],
            "root_password": null,
            "self_link": "https://sqladmin.googleapis.com/sql/v1beta4/projects/another-doctor-471116/instances/another-doctor-prod-postgres",
            "server_ca_cert": [
              {
                "cert": "-----BEGIN CERTIFICATE-----\nMIIDfzCCAmegAwIBAgIBADANBgkqhkiG9w0BAQsFADB3MS0wKwYDVQQuEyRhZTA4\nMGMxOS1lZTJiLTRkNzEtOWU5Yy1jOGI3YzA5NjVlNDIxIzAhBgNVBAMTGkdvb2ds\nZSBDbG91ZCBTUUwgU2VydmVyIENBMRQwEgYDVQQKEwtHb29nbGUsIEluYzELMAkG\nA1UEBhMCVVMwHhcNMjUwOTA3MTMxNDE4WhcNMzUwOTA1MTMxNTE4WjB3MS0wKwYD\nVQQuEyRhZTA4MGMxOS1lZTJiLTRkNzEtOWU5Yy1jOGI3YzA5NjVlNDIxIzAhBgNV\nBAMTGkdvb2dsZSBDbG91ZCBTUUwgU2VydmVyIENBMRQwEgYDVQQKEwtHb29nbGUs\nIEluYzELMAkGA1UEBhMCVVMwggEiMA0GCSqGSIb3DQEBAQUAA4IBDwAwggEKAoIB\nAQC14u8FM5tWKqFH2t24PsB5SsjLGtn5qVzQyfCJfvcmcFGjtCZkByO5QNJdtKez\nRWiW+TNRR8Oecr+NrDG8uhTe+Tu0f/j0qzhnP1nLXF/2gdIq7LXvSG0xuwRzY8Ho\n7JBprzzS43xjqcN8r7zcVUTuPBpJmz4jxN78kPzJXz9kkXF0BUU/lHcxzLMbivrF\n+pPfbtSQnXPFLRfGNGPSTwAKmDUpRu5s1VnjTZv6Jv6XK6khHziRYGxpebN4kvHe\nkqBqoMx0UbXaIVmTT6ohG48KKpA2LIMfyvdJOLgCj30JTCJItJEnPpNKq2aiBwDS\n/14ERwzQRlmorIci7iT23XxnAgMBAAGjFjAUMBIGA1UdEwEB/wQIMAYBAf8CAQAw\nDQYJKoZIhvcNAQELBQADggEBAAf1cCqJw+H5rXYhLdlt3KyTyOB3nSXt+Mbj2Xd0\n/fTSM4sqfj1qtn7RF0zSirs22kPO6pmUysX3LHxNEPig+qgGgtqk7iPapx1zEMa8\nvFy8oaZwhl1aIRte4oPuQhmktO0eGsnepqWbC6YrCQk4uyp/IEfKEFdl4RXJ4XX6\nTlNrRBJSVaButpoKFo21zkIUm0jvRH6rtWoWjVjbX3msviCVeU409spPsife6CT0\ni6WTudZA18RJARSBBYoFYonqRBJl2fXLn+udebcwba+sUakY5Vx0Pox1hkd/Npec\nDd60IJfvvJOZFeq/EW2OtwQ8HpeQvk5y0JopKjKRbbyz1wI=\n-----END CERTIFICATE-----",
                "common_name": "C=US,O=Google\\, Inc,CN=Google Cloud SQL Server CA,dnQualifier=ae080c19-ee2b-4d71-9e9c-c8b7c0965e42",
                "create_time": "2025-09-07T13:14:18.632Z",
                "expiration_time": "2035-09-05T13:15:18.632Z",
                "sha1_fingerprint": "ed9a655f20c9192cdf973b6f003c11475791414a"
              }
            ],
            "service_account_email_address": "p474176408199-23hfap@gcp-sa-cloud-sql.iam.gserviceaccount.com",
            "settings": [
              {
                "activation_policy": "ALWAYS",
                "active_directory_config": [],
                "advanced_machine_features": [],
                "availability_type": "REGIONAL",
                "backup_configuration": [
                  {
                    "backup_retention_settings": [
                      {
                        "retained_backups": 7,
                        "retention_unit": "COUNT"
                      }
                    ],
                    "binary_log_enabled": false,
                    "enabled": true,
                    "location": "",
                    "point_in_time_recovery_enabled": true,
                    "start_time": "03:00",
                    "transaction_log_retention_days": 7
                  }
                ],
                "collation": "",
                "connector_enforcement": "NOT_REQUIRED",
                "data_cache_config": [],
                "database_flags": [
                  {
                    "name": "log_checkpoints",
                    "value": "on"
                  },
                  {
                    "name": "log_connections",
                    "value": "on"
                  },
                  {
                    "name": "log_disconnections",
                    "value": "on"
                  }
                ],
                "deletion_protection_enabled": false,
                "deny_maintenance_period": [],
                "disk_autoresize": true,
                "disk_autoresize_limit": 0,
                "disk_size": 20,
                "disk_type": "PD_SSD",
                "edition": "ENTERPRISE",
                "enable_dataplex_integration": false,
                "enable_google_ml_integration": false,
                "insights_config": [],
                "ip_configuration": [
                  {
                    "allocated_ip_range": "",
                    "authorized_networks": [],
                    "enable_private_path_for_google_cloud_services": true,
                    "ipv4_enabled": false,
                    "private_network": "projects/another-doctor-471116/global/networks/another-doctor-prod-network",
                    "psc_config": [],
                    "require_ssl": false,
                    "server_ca_mode": "GOOGLE_MANAGED_INTERNAL_CA",
                    "ssl_mode": ""
                  }
                ],
                "location_preference": [
                  {
                    "follow_gae_application": "",
                    "secondary_zone": "",
                    "zone": "us-central1-c"
                  }
                ],
                "maintenance_window": [
                  {
                    "day": 7,
                    "hour": 4,
                    "update_track": "stable"
                  }
                ],
                "password_validation_policy": [],
                "pricing_plan": "PER_USE",
                "sql_server_audit_config": [],
                "tier": "db-g1-small",
                "time_zone": "",
                "user_labels": {},
                "version": 5
              }
            ],
            "timeouts": null
          },
          "sensitive_attributes": [],
          "private": "eyJlMmJmYjczMC1lY2FhLTExZTYtOGY4OC0zNDM2M2JjN2M0YzAiOnsiY3JlYXRlIjo1NDAwMDAwMDAwMDAwLCJkZWxldGUiOjU0MDAwMDAwMDAwMDAsInVwZGF0ZSI6NTQwMDAwMDAwMDAwMH19",
          "dependencies": [
            "google_compute_global_address.private_ip_range",
            "google_compute_network.main",
            "google_project_service.required_apis",
            "google_service_networking_connection.private_vpc_connection"
          ]
        }
      ]
    },
    {
      "mode": "managed",
      "type": "google_sql_user",
      "name": "main",
      "provider": "provider[\"registry.terraform.io/hashicorp/google\"]",
      "instances": [
        {
          "schema_version": 1,
          "attributes": {
            "deletion_policy": null,
            "host": "",
            "id": "app_user//another-doctor-prod-postgres",
            "instance": "another-doctor-prod-postgres",
            "name": "app_user",
            "password": "n2hmm#lH!glz]TKb",
            "password_policy": [],
            "project": "another-doctor-471116",
            "sql_server_user_details": [],
            "timeouts": null,
            "type": ""
          },
          "sensitive_attributes": [
            [
              {
                "type": "get_attr",
                "value": "password"
              }
            ]
          ],
          "private": "eyJlMmJmYjczMC1lY2FhLTExZTYtOGY4OC0zNDM2M2JjN2M0YzAiOnsiY3JlYXRlIjo2MDAwMDAwMDAwMDAsImRlbGV0ZSI6NjAwMDAwMDAwMDAwLCJ1cGRhdGUiOjYwMDAwMDAwMDAwMH0sInNjaGVtYV92ZXJzaW9uIjoiMSJ9",
          "dependencies": [
            "google_compute_global_address.private_ip_range",
            "google_compute_network.main",
            "google_project_service.required_apis",
            "google_service_networking_connection.private_vpc_connection",
            "google_sql_database_instance.main",
            "random_password.db_password"
          ]
        }
      ]
    },
    {
      "mode": "managed",
      "type": "google_storage_bucket",
      "name": "main",
      "provider": "provider[\"registry.terraform.io/hashicorp/google\"]",
      "instances": [
        {
          "schema_version": 2,
          "attributes": {
            "autoclass": [],
            "cors": [
              {
                "max_age_seconds": 3600,
                "method": [
                  "GET",
                  "HEAD",
                  "PUT",
                  "POST",
                  "DELETE"
                ],
                "origin": [
                  "https://*.run.app",
                  "https://localhost:3000"
                ],
                "response_header": [
                  "*"
                ]
              }
            ],
            "custom_placement_config": [],
            "default_event_based_hold": false,
            "effective_labels": {
              "application": "another-doctor",
              "environment": "prod",
              "managed_by": "terraform"
            },
            "enable_object_retention": false,
            "encryption": [],
            "force_destroy": false,
            "id": "another-doctor-471116-another-doctor-prod-storage",
            "labels": {
              "application": "another-doctor",
              "environment": "prod",
              "managed_by": "terraform"
            },
            "lifecycle_rule": [
              {
                "action": [
                  {
                    "storage_class": "",
                    "type": "Delete"
                  }
                ],
                "condition": [
                  {
                    "age": 30,
                    "created_before": "",
                    "custom_time_before": "",
                    "days_since_custom_time": 0,
                    "days_since_noncurrent_time": 0,
                    "matches_prefix": [],
                    "matches_storage_class": [],
                    "matches_suffix": [],
                    "no_age": false,
                    "noncurrent_time_before": "",
                    "num_newer_versions": 0,
                    "send_age_if_zero": true,
                    "send_days_since_custom_time_if_zero": false,
                    "send_days_since_noncurrent_time_if_zero": false,
                    "send_num_newer_versions_if_zero": false,
                    "with_state": "ANY"
                  }
                ]
              }
            ],
            "location": "US-CENTRAL1",
            "logging": [],
            "name": "another-doctor-471116-another-doctor-prod-storage",
            "project": "another-doctor-471116",
            "project_number": 474176408199,
            "public_access_prevention": "enforced",
            "requester_pays": false,
            "retention_policy": [],
            "rpo": null,
            "self_link": "https://www.googleapis.com/storage/v1/b/another-doctor-471116-another-doctor-prod-storage",
            "soft_delete_policy": [
              {
                "effective_time": "2025-09-04T22:11:09.338Z",
                "retention_duration_seconds": 604800
              }
            ],
            "storage_class": "STANDARD",
            "terraform_labels": {
              "application": "another-doctor",
              "environment": "prod",
              "managed_by": "terraform"
            },
            "timeouts": null,
            "uniform_bucket_level_access": true,
            "url": "gs://another-doctor-471116-another-doctor-prod-storage",
            "versioning": [
              {
                "enabled": true
              }
            ],
            "website": []
          },
          "sensitive_attributes": [],
          "private": "eyJlMmJmYjczMC1lY2FhLTExZTYtOGY4OC0zNDM2M2JjN2M0YzAiOnsiY3JlYXRlIjo2MDAwMDAwMDAwMDAsInJlYWQiOjI0MDAwMDAwMDAwMCwidXBkYXRlIjoyNDAwMDAwMDAwMDB9LCJzY2hlbWFfdmVyc2lvbiI6IjIifQ=="
        }
      ]
    },
    {
      "mode": "managed",
      "type": "google_storage_bucket",
      "name": "qdrant_storage",
      "provider": "provider[\"registry.terraform.io/hashicorp/google\"]",
      "instances": [
        {
          "schema_version": 2,
          "attributes": {
            "autoclass": [],
            "cors": [],
            "custom_placement_config": [],
            "default_event_based_hold": false,
            "effective_labels": {
              "application": "another-doctor",
              "environment": "prod",
              "managed_by": "terraform"
            },
            "enable_object_retention": false,
            "encryption": [],
            "force_destroy": false,
            "id": "another-doctor-471116-another-doctor-prod-qdrant",
            "labels": {
              "application": "another-doctor",
              "environment": "prod",
              "managed_by": "terraform"
            },
            "lifecycle_rule": [],
            "location": "US-CENTRAL1",
            "logging": [],
            "name": "another-doctor-471116-another-doctor-prod-qdrant",
            "project": "another-doctor-471116",
            "project_number": 474176408199,
            "public_access_prevention": "enforced",
            "requester_pays": false,
            "retention_policy": [],
            "rpo": null,
            "self_link": "https://www.googleapis.com/storage/v1/b/another-doctor-471116-another-doctor-prod-qdrant",
            "soft_delete_policy": [
              {
                "effective_time": "2025-09-04T22:11:10.832Z",
                "retention_duration_seconds": 604800
              }
            ],
            "storage_class": "STANDARD",
            "terraform_labels": {
              "application": "another-doctor",
              "environment": "prod",
              "managed_by": "terraform"
            },
            "timeouts": null,
            "uniform_bucket_level_access": true,
            "url": "gs://another-doctor-471116-another-doctor-prod-qdrant",
            "versioning": [],
            "website": []
          },
          "sensitive_attributes": [],
          "private": "eyJlMmJmYjczMC1lY2FhLTExZTYtOGY4OC0zNDM2M2JjN2M0YzAiOnsiY3JlYXRlIjo2MDAwMDAwMDAwMDAsInJlYWQiOjI0MDAwMDAwMDAwMCwidXBkYXRlIjoyNDAwMDAwMDAwMDB9LCJzY2hlbWFfdmVyc2lvbiI6IjIifQ=="
        }
      ]
    },
    {
      "mode": "managed",
      "type": "google_storage_bucket_iam_member",
      "name": "cloud_run_storage",
      "provider": "provider[\"registry.terraform.io/hashicorp/google\"]",
      "instances": [
        {
          "schema_version": 0,
          "attributes": {
            "bucket": "b/another-doctor-471116-another-doctor-prod-storage",
            "condition": [],
            "etag": "CAI=",
            "id": "b/another-doctor-471116-another-doctor-prod-storage/roles/storage.objectAdmin/serviceAccount:another-doctor-prod-cloud-run@another-doctor-471116.iam.gserviceaccount.com",
            "member": "serviceAccount:another-doctor-prod-cloud-run@another-doctor-471116.iam.gserviceaccount.com",
            "role": "roles/storage.objectAdmin"
          },
          "sensitive_attributes": [],
          "private": "bnVsbA==",
          "dependencies": [
            "google_service_account.cloud_run",
            "google_storage_bucket.main"
          ]
        }
      ]
    },
    {
      "mode": "managed",
      "type": "random_password",
      "name": "app_secret_key",
      "provider": "provider[\"registry.terraform.io/hashicorp/random\"]",
      "instances": [
        {
          "schema_version": 3,
          "attributes": {
            "bcrypt_hash": "$2a$10$o/rprNbPwMqp90LZqhgbcud.QikTuGvY68iBncupldxG3KgS.i81q",
            "id": "none",
            "keepers": null,
            "length": 32,
            "lower": true,
            "min_lower": 0,
            "min_numeric": 0,
            "min_special": 0,
            "min_upper": 0,
            "number": true,
            "numeric": true,
            "override_special": null,
            "result": "-kSRREx#rBv@0K)xG\u0026@{HQeFWq}EoM@k",
            "special": true,
            "upper": true
          },
          "sensitive_attributes": []
        }
      ]
    },
    {
      "mode": "managed",
      "type": "random_password",
      "name": "db_password",
      "provider": "provider[\"registry.terraform.io/hashicorp/random\"]",
      "instances": [
        {
          "schema_version": 3,
          "attributes": {
            "bcrypt_hash": "$2a$10$iJFFUhkHJTy6JjUGZHnfWuf7cqDCR08Xe9ljAPr9VTYJwq1cxIT5u",
            "id": "none",
            "keepers": null,
            "length": 16,
            "lower": true,
            "min_lower": 0,
            "min_numeric": 0,
            "min_special": 0,
            "min_upper": 0,
            "number": true,
            "numeric": true,
            "override_special": null,
            "result": "n2hmm#lH!glz]TKb",
            "special": true,
            "upper": true
          },
          "sensitive_attributes": []
        }
      ]
    }
  ],
  "check_results": null
}
